
Microsoft Visual Studio Solution File, Format Version 12.00
# Visual Studio Version 16
VisualStudioVersion = 16.0.29409.12
MinimumVisualStudioVersion = 10.0.40219.1
Project("{FAE04EC0-301F-11D3-BF4B-00C04F79EFBC}") = "cSharpFinalProject_V1.0", "cSharpFinalProject_V1.0\cSharpFinalProject_V1.0.csproj", "{661647DD-8C7E-4109-A085-61440FC81DFD}"
EndProject
Global
	GlobalSection(SolutionConfigurationPlatforms) = preSolution
		Debug|Any CPU = Debug|Any CPU
		Release|Any CPU = Release|Any CPU
	EndGlobalSection
	GlobalSection(ProjectConfigurationPlatforms) = postSolution
		{661647DD-8C7E-4109-A085-61440FC81DFD}.Debug|Any CPU.ActiveCfg = Debug|Any CPU
		{661647DD-8C7E-4109-A085-61440FC81DFD}.Debug|Any CPU.Build.0 = Debug|Any CPU
		{661647DD-8C7E-4109-A085-61440FC81DFD}.Release|Any CPU.ActiveCfg = Release|Any CPU
		{661647DD-8C7E-4109-A085-61440FC81DFD}.Release|Any CPU.Build.0 = Release|Any CPU
	EndGlobalSection
	GlobalSection(SolutionProperties) = preSolution
		HideSolutionNode = FALSE
	EndGlobalSection
	GlobalSection(ExtensibilityGlobals) = postSolution
		SolutionGuid = {C246A174-42EA-454F-B6CE-608CA774710E}
	EndGlobalSection
EndGlobal
